
Microsoft Visual Studio Solution File, Format Version 12.00
# Visual Studio Version 17
VisualStudioVersion = 17.14.36212.18 d17.14
MinimumVisualStudioVersion = 10.0.40219.1
Project("{FAE04EC0-301F-11D3-BF4B-00C04F79EFBC}") = "Cladtek Interview", "Cladtek Interview.csproj", "{0A1FF288-2BBD-40DE-A4C4-BCA54056D215}"
EndProject
Global
	GlobalSection(SolutionConfigurationPlatforms) = preSolution
		Debug|Any CPU = Debug|Any CPU
		Release|Any CPU = Release|Any CPU
	EndGlobalSection
	GlobalSection(ProjectConfigurationPlatforms) = postSolution
		{0A1FF288-2BBD-40DE-A4C4-BCA54056D215}.Debug|Any CPU.ActiveCfg = Debug|Any CPU
		{0A1FF288-2BBD-40DE-A4C4-BCA54056D215}.Debug|Any CPU.Build.0 = Debug|Any CPU
		{0A1FF288-2BBD-40DE-A4C4-BCA54056D215}.Release|Any CPU.ActiveCfg = Release|Any CPU
		{0A1FF288-2BBD-40DE-A4C4-BCA54056D215}.Release|Any CPU.Build.0 = Release|Any CPU
	EndGlobalSection
	GlobalSection(SolutionProperties) = preSolution
		HideSolutionNode = FALSE
	EndGlobalSection
	GlobalSection(ExtensibilityGlobals) = postSolution
		SolutionGuid = {91711477-06F3-48AE-9A0A-CFC607542C9F}
	EndGlobalSection
EndGlobal
